
Microsoft Visual Studio Solution File, Format Version 12.00
# Visual Studio Version 17
VisualStudioVersion = 17.11.35303.130
MinimumVisualStudioVersion = 10.0.40219.1
Project("{9A19103F-16F7-4668-BE54-9A1E7A4F7556}") = "Project_Game", "Project_Game\Project_Game.csproj", "{4ED563F7-5B12-4864-8683-2E4846FDC13E}"
EndProject
Project("{2150E333-8FDC-42A3-9474-1A3956D46DE8}") = "Input", "Input", "{DA362C14-0E7D-4AB0-92BF-0EF19283B055}"
EndProject
Global
	GlobalSection(SolutionConfigurationPlatforms) = preSolution
		Debug|Any CPU = Debug|Any CPU
		Release|Any CPU = Release|Any CPU
	EndGlobalSection
	GlobalSection(ProjectConfigurationPlatforms) = postSolution
		{4ED563F7-5B12-4864-8683-2E4846FDC13E}.Debug|Any CPU.ActiveCfg = Debug|Any CPU
		{4ED563F7-5B12-4864-8683-2E4846FDC13E}.Debug|Any CPU.Build.0 = Debug|Any CPU
		{4ED563F7-5B12-4864-8683-2E4846FDC13E}.Release|Any CPU.ActiveCfg = Release|Any CPU
		{4ED563F7-5B12-4864-8683-2E4846FDC13E}.Release|Any CPU.Build.0 = Release|Any CPU
	EndGlobalSection
	GlobalSection(SolutionProperties) = preSolution
		HideSolutionNode = FALSE
	EndGlobalSection
	GlobalSection(ExtensibilityGlobals) = postSolution
		SolutionGuid = {D32210C8-AABC-42D3-B2BC-B8E5E1DDF952}
	EndGlobalSection
EndGlobal
